
Microsoft Visual Studio Solution File, Format Version 12.00
# Visual Studio Version 16
VisualStudioVersion = 16.0.31105.61
MinimumVisualStudioVersion = 10.0.40219.1
Project("{9A19103F-16F7-4668-BE54-9A1E7A4F7556}") = "m4zd4s", "m4zd4s\m4zd4s.csproj", "{67ABCA15-E3EC-4FC4-9306-3A2027064299}"
EndProject
Global
	GlobalSection(SolutionConfigurationPlatforms) = preSolution
		Debug|Any CPU = Debug|Any CPU
		Release|Any CPU = Release|Any CPU
	EndGlobalSection
	GlobalSection(ProjectConfigurationPlatforms) = postSolution
		{67ABCA15-E3EC-4FC4-9306-3A2027064299}.Debug|Any CPU.ActiveCfg = Debug|Any CPU
		{67ABCA15-E3EC-4FC4-9306-3A2027064299}.Debug|Any CPU.Build.0 = Debug|Any CPU
		{67ABCA15-E3EC-4FC4-9306-3A2027064299}.Release|Any CPU.ActiveCfg = Release|Any CPU
		{67ABCA15-E3EC-4FC4-9306-3A2027064299}.Release|Any CPU.Build.0 = Release|Any CPU
	EndGlobalSection
	GlobalSection(SolutionProperties) = preSolution
		HideSolutionNode = FALSE
	EndGlobalSection
	GlobalSection(ExtensibilityGlobals) = postSolution
		SolutionGuid = {7B0FFB83-A4B9-4E8A-96D9-80DEF151B08B}
	EndGlobalSection
EndGlobal
